
Microsoft Visual Studio Solution File, Format Version 12.00
# Visual Studio Version 16
VisualStudioVersion = 16.0.29613.14
MinimumVisualStudioVersion = 10.0.40219.1
Project("{9092AA53-FB77-4645-B42D-1CCCA6BD08BD}") = "bluemsx", "bluemsx.njsproj", "{40F3D328-336C-4161-9018-DCF5EB6AE5ED}"
EndProject
Global
	GlobalSection(SolutionConfigurationPlatforms) = preSolution
		Debug|Any CPU = Debug|Any CPU
		Release|Any CPU = Release|Any CPU
	EndGlobalSection
	GlobalSection(ProjectConfigurationPlatforms) = postSolution
		{40F3D328-336C-4161-9018-DCF5EB6AE5ED}.Debug|Any CPU.ActiveCfg = Debug|Any CPU
		{40F3D328-336C-4161-9018-DCF5EB6AE5ED}.Debug|Any CPU.Build.0 = Debug|Any CPU
		{40F3D328-336C-4161-9018-DCF5EB6AE5ED}.Release|Any CPU.ActiveCfg = Release|Any CPU
		{40F3D328-336C-4161-9018-DCF5EB6AE5ED}.Release|Any CPU.Build.0 = Release|Any CPU
	EndGlobalSection
	GlobalSection(SolutionProperties) = preSolution
		HideSolutionNode = FALSE
	EndGlobalSection
	GlobalSection(ExtensibilityGlobals) = postSolution
		SolutionGuid = {50E90ECD-36B5-4A73-96DE-CB620DC7C896}
	EndGlobalSection
EndGlobal
